
Microsoft Visual Studio Solution File, Format Version 12.00
# Visual Studio Version 17
VisualStudioVersion = 17.5.002.0
MinimumVisualStudioVersion = 10.0.40219.1
Project("{9A19103F-16F7-4668-BE54-9A1E7A4F7556}") = "XavierCasilla_2023-0995", "XavierCasilla_2023-0995.csproj", "{6A4CF148-51BE-4F9A-BD35-63FD3A5E817D}"
EndProject
Global
	GlobalSection(SolutionConfigurationPlatforms) = preSolution
		Debug|Any CPU = Debug|Any CPU
		Release|Any CPU = Release|Any CPU
	EndGlobalSection
	GlobalSection(ProjectConfigurationPlatforms) = postSolution
		{6A4CF148-51BE-4F9A-BD35-63FD3A5E817D}.Debug|Any CPU.ActiveCfg = Debug|Any CPU
		{6A4CF148-51BE-4F9A-BD35-63FD3A5E817D}.Debug|Any CPU.Build.0 = Debug|Any CPU
		{6A4CF148-51BE-4F9A-BD35-63FD3A5E817D}.Release|Any CPU.ActiveCfg = Release|Any CPU
		{6A4CF148-51BE-4F9A-BD35-63FD3A5E817D}.Release|Any CPU.Build.0 = Release|Any CPU
	EndGlobalSection
	GlobalSection(SolutionProperties) = preSolution
		HideSolutionNode = FALSE
	EndGlobalSection
	GlobalSection(ExtensibilityGlobals) = postSolution
		SolutionGuid = {C6BED933-1072-41A2-B60D-BBC91A183748}
	EndGlobalSection
EndGlobal
